
Microsoft Visual Studio Solution File, Format Version 12.00
# Visual Studio Version 16
VisualStudioVersion = 16.0.29009.5
MinimumVisualStudioVersion = 10.0.40219.1
Project("{FAE04EC0-301F-11D3-BF4B-00C04F79EFBC}") = "GraphDigitizer", "GraphDigitizer\GraphDigitizer.csproj", "{FB29A484-A21D-448E-A9C1-788E22082001}"
EndProject
Project("{2150E333-8FDC-42A3-9474-1A3956D46DE8}") = "Solution Items", "Solution Items", "{664288DC-D641-4340-B1FA-DC1A98B0A8C9}"
	ProjectSection(SolutionItems) = preProject
		LICENSE.txt = LICENSE.txt
		README.md = README.md
		Screenshot.png = Screenshot.png
	EndProjectSection
EndProject
Global
	GlobalSection(SolutionConfigurationPlatforms) = preSolution
		Debug|x86 = Debug|x86
		Release|x86 = Release|x86
	EndGlobalSection
	GlobalSection(ProjectConfigurationPlatforms) = postSolution
		{FB29A484-A21D-448E-A9C1-788E22082001}.Debug|x86.ActiveCfg = Debug|x86
		{FB29A484-A21D-448E-A9C1-788E22082001}.Debug|x86.Build.0 = Debug|x86
		{FB29A484-A21D-448E-A9C1-788E22082001}.Release|x86.ActiveCfg = Release|x86
		{FB29A484-A21D-448E-A9C1-788E22082001}.Release|x86.Build.0 = Release|x86
	EndGlobalSection
	GlobalSection(SolutionProperties) = preSolution
		HideSolutionNode = FALSE
	EndGlobalSection
	GlobalSection(ExtensibilityGlobals) = postSolution
		SolutionGuid = {850B141A-EAA4-486C-AE6F-62BD80060014}
	EndGlobalSection
EndGlobal
